// !$*UTF8*$!
{
	archiveVersion = 1;
	classes = {
	};
	objectVersion = 52;
	objects = {

/* Begin PBXBuildFile section */
		5545888826BBDE4600FBFBCE /* main.swift in Sources */ = {isa = PBXBuildFile; fileRef = 5545888726BBDE4600FBFBCE /* main.swift */; };
		5545889026BBE02100FBFBCE /* ArgumentParser in Frameworks */ = {isa = PBXBuildFile; productRef = 5545888F26BBE02100FBFBCE /* ArgumentParser */; };
		5545889226BBE1C700FBFBCE /* OSVersions.swift in Sources */ = {isa = PBXBuildFile; fileRef = 5545889126BBE1C700FBFBCE /* OSVersions.swift */; };
		5545889426BBE5BF00FBFBCE /* Table.swift in Sources */ = {isa = PBXBuildFile; fileRef = 5545889326BBE5BF00FBFBCE /* Table.swift */; };
/* End PBXBuildFile section */

/* Begin PBXCopyFilesBuildPhase section */
		5545888226BBDE4500FBFBCE /* CopyFiles */ = {
			isa = PBXCopyFilesBuildPhase;
			buildActionMask = 2147483647;
			dstPath = /usr/share/man/man1/;
			dstSubfolderSpec = 0;
			files = (
			);
			runOnlyForDeploymentPostprocessing = 1;
		};
/* End PBXCopyFilesBuildPhase section */

/* Begin PBXFileReference section */
		5545888426BBDE4500FBFBCE /* fdr */ = {isa = PBXFileReference; explicitFileType = "compiled.mach-o.executable"; includeInIndex = 0; path = fdr; sourceTree = BUILT_PRODUCTS_DIR; };
		5545888726BBDE4600FBFBCE /* main.swift */ = {isa = PBXFileReference; lastKnownFileType = sourcecode.swift; path = main.swift; sourceTree = "<group>"; };
		5545889126BBE1C700FBFBCE /* OSVersions.swift */ = {isa = PBXFileReference; lastKnownFileType = sourcecode.swift; path = OSVersions.swift; sourceTree = "<group>"; };
		5545889326BBE5BF00FBFBCE /* Table.swift */ = {isa = PBXFileReference; lastKnownFileType = sourcecode.swift; path = Table.swift; sourceTree = "<group>"; };
/* End PBXFileReference section */

/* Begin PBXFrameworksBuildPhase section */
		5545888126BBDE4500FBFBCE /* Frameworks */ = {
			isa = PBXFrameworksBuildPhase;
			buildActionMask = 2147483647;
			files = (
				5545889026BBE02100FBFBCE /* ArgumentParser in Frameworks */,
			);
			runOnlyForDeploymentPostprocessing = 0;
		};
/* End PBXFrameworksBuildPhase section */

/* Begin PBXGroup section */
		5545887B26BBDE4500FBFBCE = {
			isa = PBXGroup;
			children = (
				5545888626BBDE4500FBFBCE /* FirebaseDashboardReport */,
				5545888526BBDE4500FBFBCE /* Products */,
			);
			sourceTree = "<group>";
		};
		5545888526BBDE4500FBFBCE /* Products */ = {
			isa = PBXGroup;
			children = (
				5545888426BBDE4500FBFBCE /* fdr */,
			);
			name = Products;
			sourceTree = "<group>";
		};
		5545888626BBDE4500FBFBCE /* FirebaseDashboardReport */ = {
			isa = PBXGroup;
			children = (
				5545888726BBDE4600FBFBCE /* main.swift */,
				5545889126BBE1C700FBFBCE /* OSVersions.swift */,
				5545889326BBE5BF00FBFBCE /* Table.swift */,
			);
			path = FirebaseDashboardReport;
			sourceTree = "<group>";
		};
/* End PBXGroup section */

/* Begin PBXNativeTarget section */
		5545888326BBDE4500FBFBCE /* FirebaseDashboardReport */ = {
			isa = PBXNativeTarget;
			buildConfigurationList = 5545888B26BBDE4600FBFBCE /* Build configuration list for PBXNativeTarget "FirebaseDashboardReport" */;
			buildPhases = (
				5545888026BBDE4500FBFBCE /* Sources */,
				5545888126BBDE4500FBFBCE /* Frameworks */,
				5545888226BBDE4500FBFBCE /* CopyFiles */,
			);
			buildRules = (
			);
			dependencies = (
			);
			name = FirebaseDashboardReport;
			packageProductDependencies = (
				5545888F26BBE02100FBFBCE /* ArgumentParser */,
			);
			productName = FirebaseDashboardReport;
			productReference = 5545888426BBDE4500FBFBCE /* fdr */;
			productType = "com.apple.product-type.tool";
		};
/* End PBXNativeTarget section */

/* Begin PBXProject section */
		5545887C26BBDE4500FBFBCE /* Project object */ = {
			isa = PBXProject;
			attributes = {
				LastSwiftUpdateCheck = 1250;
				LastUpgradeCheck = 1250;
				TargetAttributes = {
					5545888326BBDE4500FBFBCE = {
						CreatedOnToolsVersion = 12.5;
					};
				};
			};
			buildConfigurationList = 5545887F26BBDE4500FBFBCE /* Build configuration list for PBXProject "FirebaseDashboardReport" */;
			compatibilityVersion = "Xcode 9.3";
			developmentRegion = en;
			hasScannedForEncodings = 0;
			knownRegions = (
				en,
				Base,
			);
			mainGroup = 5545887B26BBDE4500FBFBCE;
			packageReferences = (
				5545888E26BBE02100FBFBCE /* XCRemoteSwiftPackageReference "swift-argument-parser" */,
			);
			productRefGroup = 5545888526BBDE4500FBFBCE /* Products */;
			projectDirPath = "";
			projectRoot = "";
			targets = (
				5545888326BBDE4500FBFBCE /* FirebaseDashboardReport */,
			);
		};
/* End PBXProject section */

/* Begin PBXSourcesBuildPhase section */
		5545888026BBDE4500FBFBCE /* Sources */ = {
			isa = PBXSourcesBuildPhase;
			buildActionMask = 2147483647;
			files = (
				5545889426BBE5BF00FBFBCE /* Table.swift in Sources */,
				5545889226BBE1C700FBFBCE /* OSVersions.swift in Sources */,
				5545888826BBDE4600FBFBCE /* main.swift in Sources */,
			);
			runOnlyForDeploymentPostprocessing = 0;
		};
/* End PBXSourcesBuildPhase section */

/* Begin XCBuildConfiguration section */
		5545888926BBDE4600FBFBCE /* Debug */ = {
			isa = XCBuildConfiguration;
			buildSettings = {
				ALWAYS_SEARCH_USER_PATHS = NO;
				CLANG_ANALYZER_NONNULL = YES;
				CLANG_ANALYZER_NUMBER_OBJECT_CONVERSION = YES_AGGRESSIVE;
				CLANG_CXX_LANGUAGE_STANDARD = "gnu++14";
				CLANG_CXX_LIBRARY = "libc++";
				CLANG_ENABLE_MODULES = YES;
				CLANG_ENABLE_OBJC_ARC = YES;
				CLANG_ENABLE_OBJC_WEAK = YES;
				CLANG_WARN_BLOCK_CAPTURE_AUTORELEASING = YES;
				CLANG_WARN_BOOL_CONVERSION = YES;
				CLANG_WARN_COMMA = YES;
				CLANG_WARN_CONSTANT_CONVERSION = YES;
				CLANG_WARN_DEPRECATED_OBJC_IMPLEMENTATIONS = YES;
				CLANG_WARN_DIRECT_OBJC_ISA_USAGE = YES_ERROR;
				CLANG_WARN_DOCUMENTATION_COMMENTS = YES;
				CLANG_WARN_EMPTY_BODY = YES;
				CLANG_WARN_ENUM_CONVERSION = YES;
				CLANG_WARN_INFINITE_RECURSION = YES;
				CLANG_WARN_INT_CONVERSION = YES;
				CLANG_WARN_NON_LITERAL_NULL_CONVERSION = YES;
				CLANG_WARN_OBJC_IMPLICIT_RETAIN_SELF = YES;
				CLANG_WARN_OBJC_LITERAL_CONVERSION = YES;
				CLANG_WARN_OBJC_ROOT_CLASS = YES_ERROR;
				CLANG_WARN_QUOTED_INCLUDE_IN_FRAMEWORK_HEADER = YES;
				CLANG_WARN_RANGE_LOOP_ANALYSIS = YES;
				CLANG_WARN_STRICT_PROTOTYPES = YES;
				CLANG_WARN_SUSPICIOUS_MOVE = YES;
				CLANG_WARN_UNGUARDED_AVAILABILITY = YES_AGGRESSIVE;
				CLANG_WARN_UNREACHABLE_CODE = YES;
				CLANG_WARN__DUPLICATE_METHOD_MATCH = YES;
				COPY_PHASE_STRIP = NO;
				DEBUG_INFORMATION_FORMAT = dwarf;
				ENABLE_STRICT_OBJC_MSGSEND = YES;
				ENABLE_TESTABILITY = YES;
				GCC_C_LANGUAGE_STANDARD = gnu11;
				GCC_DYNAMIC_NO_PIC = NO;
				GCC_NO_COMMON_BLOCKS = YES;
				GCC_OPTIMIZATION_LEVEL = 0;
				GCC_PREPROCESSOR_DEFINITIONS = (
					"DEBUG=1",
					"$(inherited)",
				);
				GCC_WARN_64_TO_32_BIT_CONVERSION = YES;
				GCC_WARN_ABOUT_RETURN_TYPE = YES_ERROR;
				GCC_WARN_UNDECLARED_SELECTOR = YES;
				GCC_WARN_UNINITIALIZED_AUTOS = YES_AGGRESSIVE;
				GCC_WARN_UNUSED_FUNCTION = YES;
				GCC_WARN_UNUSED_VARIABLE = YES;
				MACOSX_DEPLOYMENT_TARGET = 11.0;
				MTL_ENABLE_DEBUG_INFO = INCLUDE_SOURCE;
				MTL_FAST_MATH = YES;
				ONLY_ACTIVE_ARCH = YES;
				PRODUCT_NAME = "";
				SDKROOT = macosx;
				SWIFT_ACTIVE_COMPILATION_CONDITIONS = DEBUG;
				SWIFT_OPTIMIZATION_LEVEL = "-Onone";
			};
			name = Debug;
		};
		5545888A26BBDE4600FBFBCE /* Release */ = {
			isa = XCBuildConfiguration;
			buildSettings = {
				ALWAYS_SEARCH_USER_PATHS = NO;
				CLANG_ANALYZER_NONNULL = YES;
				CLANG_ANALYZER_NUMBER_OBJECT_CONVERSION = YES_AGGRESSIVE;
				CLANG_CXX_LANGUAGE_STANDARD = "gnu++14";
				CLANG_CXX_LIBRARY = "libc++";
				CLANG_ENABLE_MODULES = YES;
				CLANG_ENABLE_OBJC_ARC = YES;
				CLANG_ENABLE_OBJC_WEAK = YES;
				CLANG_WARN_BLOCK_CAPTURE_AUTORELEASING = YES;
				CLANG_WARN_BOOL_CONVERSION = YES;
				CLANG_WARN_COMMA = YES;
				CLANG_WARN_CONSTANT_CONVERSION = YES;
				CLANG_WARN_DEPRECATED_OBJC_IMPLEMENTATIONS = YES;
				CLANG_WARN_DIRECT_OBJC_ISA_USAGE = YES_ERROR;
				CLANG_WARN_DOCUMENTATION_COMMENTS = YES;
				CLANG_WARN_EMPTY_BODY = YES;
				CLANG_WARN_ENUM_CONVERSION = YES;
				CLANG_WARN_INFINITE_RECURSION = YES;
				CLANG_WARN_INT_CONVERSION = YES;
				CLANG_WARN_NON_LITERAL_NULL_CONVERSION = YES;
				CLANG_WARN_OBJC_IMPLICIT_RETAIN_SELF = YES;
				CLANG_WARN_OBJC_LITERAL_CONVERSION = YES;
				CLANG_WARN_OBJC_ROOT_CLASS = YES_ERROR;
				CLANG_WARN_QUOTED_INCLUDE_IN_FRAMEWORK_HEADER = YES;
				CLANG_WARN_RANGE_LOOP_ANALYSIS = YES;
				CLANG_WARN_STRICT_PROTOTYPES = YES;
				CLANG_WARN_SUSPICIOUS_MOVE = YES;
				CLANG_WARN_UNGUARDED_AVAILABILITY = YES_AGGRESSIVE;
				CLANG_WARN_UNREACHABLE_CODE = YES;
				CLANG_WARN__DUPLICATE_METHOD_MATCH = YES;
				COPY_PHASE_STRIP = NO;
				DEBUG_INFORMATION_FORMAT = "dwarf-with-dsym";
				ENABLE_NS_ASSERTIONS = NO;
				ENABLE_STRICT_OBJC_MSGSEND = YES;
				GCC_C_LANGUAGE_STANDARD = gnu11;
				GCC_NO_COMMON_BLOCKS = YES;
				GCC_WARN_64_TO_32_BIT_CONVERSION = YES;
				GCC_WARN_ABOUT_RETURN_TYPE = YES_ERROR;
				GCC_WARN_UNDECLARED_SELECTOR = YES;
				GCC_WARN_UNINITIALIZED_AUTOS = YES_AGGRESSIVE;
				GCC_WARN_UNUSED_FUNCTION = YES;
				GCC_WARN_UNUSED_VARIABLE = YES;
				MACOSX_DEPLOYMENT_TARGET = 11.0;
				MTL_ENABLE_DEBUG_INFO = NO;
				MTL_FAST_MATH = YES;
				PRODUCT_NAME = "";
				SDKROOT = macosx;
				SWIFT_COMPILATION_MODE = wholemodule;
				SWIFT_OPTIMIZATION_LEVEL = "-O";
			};
			name = Release;
		};
		5545888C26BBDE4600FBFBCE /* Debug */ = {
			isa = XCBuildConfiguration;
			buildSettings = {
				CODE_SIGN_STYLE = Automatic;
				DEVELOPMENT_TEAM = 3CQ4XEPS9C;
				ENABLE_HARDENED_RUNTIME = YES;
				PRODUCT_NAME = fdr;
				SWIFT_VERSION = 5.0;
			};
			name = Debug;
		};
		5545888D26BBDE4600FBFBCE /* Release */ = {
			isa = XCBuildConfiguration;
			buildSettings = {
				CODE_SIGN_STYLE = Automatic;
				DEVELOPMENT_TEAM = 3CQ4XEPS9C;
				ENABLE_HARDENED_RUNTIME = YES;
				PRODUCT_NAME = fdr;
				SWIFT_VERSION = 5.0;
			};
			name = Release;
		};
/* End XCBuildConfiguration section */

/* Begin XCConfigurationList section */
		5545887F26BBDE4500FBFBCE /* Build configuration list for PBXProject "FirebaseDashboardReport" */ = {
			isa = XCConfigurationList;
			buildConfigurations = (
				5545888926BBDE4600FBFBCE /* Debug */,
				5545888A26BBDE4600FBFBCE /* Release */,
			);
			defaultConfigurationIsVisible = 0;
			defaultConfigurationName = Release;
		};
		5545888B26BBDE4600FBFBCE /* Build configuration list for PBXNativeTarget "FirebaseDashboardReport" */ = {
			isa = XCConfigurationList;
			buildConfigurations = (
				5545888C26BBDE4600FBFBCE /* Debug */,
				5545888D26BBDE4600FBFBCE /* Release */,
			);
			defaultConfigurationIsVisible = 0;
			defaultConfigurationName = Release;
		};
/* End XCConfigurationList section */

/* Begin XCRemoteSwiftPackageReference section */
		5545888E26BBE02100FBFBCE /* XCRemoteSwiftPackageReference "swift-argument-parser" */ = {
			isa = XCRemoteSwiftPackageReference;
			repositoryURL = "https://github.com/apple/swift-argument-parser";
			requirement = {
				kind = upToNextMajorVersion;
				minimumVersion = 0.4.4;
			};
		};
/* End XCRemoteSwiftPackageReference section */

/* Begin XCSwiftPackageProductDependency section */
		5545888F26BBE02100FBFBCE /* ArgumentParser */ = {
			isa = XCSwiftPackageProductDependency;
			package = 5545888E26BBE02100FBFBCE /* XCRemoteSwiftPackageReference "swift-argument-parser" */;
			productName = ArgumentParser;
		};
/* End XCSwiftPackageProductDependency section */
	};
	rootObject = 5545887C26BBDE4500FBFBCE /* Project object */;
}
